// !$*UTF8*$!
{
	archiveVersion = 1;
	classes = {
	};
	objectVersion = 77;
	objects = {

/* Begin PBXContainerItemProxy section */
		4CB192892CD961EC00ED1613 /* PBXContainerItemProxy */ = {
			isa = PBXContainerItemProxy;
			containerPortal = 4CB192702CD961EA00ED1613 /* Project object */;
			proxyType = 1;
			remoteGlobalIDString = 4CB192772CD961EA00ED1613;
			remoteInfo = USAPopulation;
		};
		4CB192932CD961EC00ED1613 /* PBXContainerItemProxy */ = {
			isa = PBXContainerItemProxy;
			containerPortal = 4CB192702CD961EA00ED1613 /* Project object */;
			proxyType = 1;
			remoteGlobalIDString = 4CB192772CD961EA00ED1613;
			remoteInfo = USAPopulation;
		};
/* End PBXContainerItemProxy section */

/* Begin PBXFileReference section */
		4CB192782CD961EA00ED1613 /* USAPopulation.app */ = {isa = PBXFileReference; explicitFileType = wrapper.application; includeInIndex = 0; path = USAPopulation.app; sourceTree = BUILT_PRODUCTS_DIR; };
		4CB192882CD961EC00ED1613 /* USAPopulationTests.xctest */ = {isa = PBXFileReference; explicitFileType = wrapper.cfbundle; includeInIndex = 0; path = USAPopulationTests.xctest; sourceTree = BUILT_PRODUCTS_DIR; };
		4CB192922CD961EC00ED1613 /* USAPopulationUITests.xctest */ = {isa = PBXFileReference; explicitFileType = wrapper.cfbundle; includeInIndex = 0; path = USAPopulationUITests.xctest; sourceTree = BUILT_PRODUCTS_DIR; };
/* End PBXFileReference section */

/* Begin PBXFileSystemSynchronizedRootGroup section */
		4CB1927A2CD961EA00ED1613 /* USAPopulation */ = {
			isa = PBXFileSystemSynchronizedRootGroup;
			path = USAPopulation;
			sourceTree = "<group>";
		};
		4CB1928B2CD961EC00ED1613 /* USAPopulationTests */ = {
			isa = PBXFileSystemSynchronizedRootGroup;
			path = USAPopulationTests;
			sourceTree = "<group>";
		};
		4CB192952CD961EC00ED1613 /* USAPopulationUITests */ = {
			isa = PBXFileSystemSynchronizedRootGroup;
			path = USAPopulationUITests;
			sourceTree = "<group>";
		};
/* End PBXFileSystemSynchronizedRootGroup section */

/* Begin PBXFrameworksBuildPhase section */
		4CB192752CD961EA00ED1613 /* Frameworks */ = {
			isa = PBXFrameworksBuildPhase;
			buildActionMask = 2147483647;
			files = (
			);
			runOnlyForDeploymentPostprocessing = 0;
		};
		4CB192852CD961EC00ED1613 /* Frameworks */ = {
			isa = PBXFrameworksBuildPhase;
			buildActionMask = 2147483647;
			files = (
			);
			runOnlyForDeploymentPostprocessing = 0;
		};
		4CB1928F2CD961EC00ED1613 /* Frameworks */ = {
			isa = PBXFrameworksBuildPhase;
			buildActionMask = 2147483647;
			files = (
			);
			runOnlyForDeploymentPostprocessing = 0;
		};
/* End PBXFrameworksBuildPhase section */

/* Begin PBXGroup section */
		4CB1926F2CD961EA00ED1613 = {
			isa = PBXGroup;
			children = (
				4CB1927A2CD961EA00ED1613 /* USAPopulation */,
				4CB1928B2CD961EC00ED1613 /* USAPopulationTests */,
				4CB192952CD961EC00ED1613 /* USAPopulationUITests */,
				4CB192792CD961EA00ED1613 /* Products */,
			);
			sourceTree = "<group>";
		};
		4CB192792CD961EA00ED1613 /* Products */ = {
			isa = PBXGroup;
			children = (
				4CB192782CD961EA00ED1613 /* USAPopulation.app */,
				4CB192882CD961EC00ED1613 /* USAPopulationTests.xctest */,
				4CB192922CD961EC00ED1613 /* USAPopulationUITests.xctest */,
			);
			name = Products;
			sourceTree = "<group>";
		};
/* End PBXGroup section */

/* Begin PBXNativeTarget section */
		4CB192772CD961EA00ED1613 /* USAPopulation */ = {
			isa = PBXNativeTarget;
			buildConfigurationList = 4CB1929C2CD961EC00ED1613 /* Build configuration list for PBXNativeTarget "USAPopulation" */;
			buildPhases = (
				4CB192742CD961EA00ED1613 /* Sources */,
				4CB192752CD961EA00ED1613 /* Frameworks */,
				4CB192762CD961EA00ED1613 /* Resources */,
			);
			buildRules = (
			);
			dependencies = (
			);
			fileSystemSynchronizedGroups = (
				4CB1927A2CD961EA00ED1613 /* USAPopulation */,
			);
			name = USAPopulation;
			packageProductDependencies = (
			);
			productName = USAPopulation;
			productReference = 4CB192782CD961EA00ED1613 /* USAPopulation.app */;
			productType = "com.apple.product-type.application";
		};
		4CB192872CD961EC00ED1613 /* USAPopulationTests */ = {
			isa = PBXNativeTarget;
			buildConfigurationList = 4CB1929F2CD961EC00ED1613 /* Build configuration list for PBXNativeTarget "USAPopulationTests" */;
			buildPhases = (
				4CB192842CD961EC00ED1613 /* Sources */,
				4CB192852CD961EC00ED1613 /* Frameworks */,
				4CB192862CD961EC00ED1613 /* Resources */,
			);
			buildRules = (
			);
			dependencies = (
				4CB1928A2CD961EC00ED1613 /* PBXTargetDependency */,
			);
			fileSystemSynchronizedGroups = (
				4CB1928B2CD961EC00ED1613 /* USAPopulationTests */,
			);
			name = USAPopulationTests;
			packageProductDependencies = (
			);
			productName = USAPopulationTests;
			productReference = 4CB192882CD961EC00ED1613 /* USAPopulationTests.xctest */;
			productType = "com.apple.product-type.bundle.unit-test";
		};
		4CB192912CD961EC00ED1613 /* USAPopulationUITests */ = {
			isa = PBXNativeTarget;
			buildConfigurationList = 4CB192A22CD961EC00ED1613 /* Build configuration list for PBXNativeTarget "USAPopulationUITests" */;
			buildPhases = (
				4CB1928E2CD961EC00ED1613 /* Sources */,
				4CB1928F2CD961EC00ED1613 /* Frameworks */,
				4CB192902CD961EC00ED1613 /* Resources */,
			);
			buildRules = (
			);
			dependencies = (
				4CB192942CD961EC00ED1613 /* PBXTargetDependency */,
			);
			fileSystemSynchronizedGroups = (
				4CB192952CD961EC00ED1613 /* USAPopulationUITests */,
			);
			name = USAPopulationUITests;
			packageProductDependencies = (
			);
			productName = USAPopulationUITests;
			productReference = 4CB192922CD961EC00ED1613 /* USAPopulationUITests.xctest */;
			productType = "com.apple.product-type.bundle.ui-testing";
		};
/* End PBXNativeTarget section */

/* Begin PBXProject section */
		4CB192702CD961EA00ED1613 /* Project object */ = {
			isa = PBXProject;
			attributes = {
				BuildIndependentTargetsInParallel = 1;
				LastSwiftUpdateCheck = 1610;
				LastUpgradeCheck = 1610;
				TargetAttributes = {
					4CB192772CD961EA00ED1613 = {
						CreatedOnToolsVersion = 16.1;
					};
					4CB192872CD961EC00ED1613 = {
						CreatedOnToolsVersion = 16.1;
						TestTargetID = 4CB192772CD961EA00ED1613;
					};
					4CB192912CD961EC00ED1613 = {
						CreatedOnToolsVersion = 16.1;
						TestTargetID = 4CB192772CD961EA00ED1613;
					};
				};
			};
			buildConfigurationList = 4CB192732CD961EA00ED1613 /* Build configuration list for PBXProject "USAPopulation" */;
			developmentRegion = en;
			hasScannedForEncodings = 0;
			knownRegions = (
				en,
				Base,
			);
			mainGroup = 4CB1926F2CD961EA00ED1613;
			minimizedProjectReferenceProxies = 1;
			preferredProjectObjectVersion = 77;
			productRefGroup = 4CB192792CD961EA00ED1613 /* Products */;
			projectDirPath = "";
			projectRoot = "";
			targets = (
				4CB192772CD961EA00ED1613 /* USAPopulation */,
				4CB192872CD961EC00ED1613 /* USAPopulationTests */,
				4CB192912CD961EC00ED1613 /* USAPopulationUITests */,
			);
		};
/* End PBXProject section */

/* Begin PBXResourcesBuildPhase section */
		4CB192762CD961EA00ED1613 /* Resources */ = {
			isa = PBXResourcesBuildPhase;
			buildActionMask = 2147483647;
			files = (
			);
			runOnlyForDeploymentPostprocessing = 0;
		};
		4CB192862CD961EC00ED1613 /* Resources */ = {
			isa = PBXResourcesBuildPhase;
			buildActionMask = 2147483647;
			files = (
			);
			runOnlyForDeploymentPostprocessing = 0;
		};
		4CB192902CD961EC00ED1613 /* Resources */ = {
			isa = PBXResourcesBuildPhase;
			buildActionMask = 2147483647;
			files = (
			);
			runOnlyForDeploymentPostprocessing = 0;
		};
/* End PBXResourcesBuildPhase section */

/* Begin PBXSourcesBuildPhase section */
		4CB192742CD961EA00ED1613 /* Sources */ = {
			isa = PBXSourcesBuildPhase;
			buildActionMask = 2147483647;
			files = (
			);
			runOnlyForDeploymentPostprocessing = 0;
		};
		4CB192842CD961EC00ED1613 /* Sources */ = {
			isa = PBXSourcesBuildPhase;
			buildActionMask = 2147483647;
			files = (
			);
			runOnlyForDeploymentPostprocessing = 0;
		};
		4CB1928E2CD961EC00ED1613 /* Sources */ = {
			isa = PBXSourcesBuildPhase;
			buildActionMask = 2147483647;
			files = (
			);
			runOnlyForDeploymentPostprocessing = 0;
		};
/* End PBXSourcesBuildPhase section */

/* Begin PBXTargetDependency section */
		4CB1928A2CD961EC00ED1613 /* PBXTargetDependency */ = {
			isa = PBXTargetDependency;
			target = 4CB192772CD961EA00ED1613 /* USAPopulation */;
			targetProxy = 4CB192892CD961EC00ED1613 /* PBXContainerItemProxy */;
		};
		4CB192942CD961EC00ED1613 /* PBXTargetDependency */ = {
			isa = PBXTargetDependency;
			target = 4CB192772CD961EA00ED1613 /* USAPopulation */;
			targetProxy = 4CB192932CD961EC00ED1613 /* PBXContainerItemProxy */;
		};
/* End PBXTargetDependency section */

/* Begin XCBuildConfiguration section */
		4CB1929A2CD961EC00ED1613 /* Debug */ = {
			isa = XCBuildConfiguration;
			buildSettings = {
				ALWAYS_SEARCH_USER_PATHS = NO;
				ASSETCATALOG_COMPILER_GENERATE_SWIFT_ASSET_SYMBOL_EXTENSIONS = YES;
				CLANG_ANALYZER_NONNULL = YES;
				CLANG_ANALYZER_NUMBER_OBJECT_CONVERSION = YES_AGGRESSIVE;
				CLANG_CXX_LANGUAGE_STANDARD = "gnu++20";
				CLANG_ENABLE_MODULES = YES;
				CLANG_ENABLE_OBJC_ARC = YES;
				CLANG_ENABLE_OBJC_WEAK = YES;
				CLANG_WARN_BLOCK_CAPTURE_AUTORELEASING = YES;
				CLANG_WARN_BOOL_CONVERSION = YES;
				CLANG_WARN_COMMA = YES;
				CLANG_WARN_CONSTANT_CONVERSION = YES;
				CLANG_WARN_DEPRECATED_OBJC_IMPLEMENTATIONS = YES;
				CLANG_WARN_DIRECT_OBJC_ISA_USAGE = YES_ERROR;
				CLANG_WARN_DOCUMENTATION_COMMENTS = YES;
				CLANG_WARN_EMPTY_BODY = YES;
				CLANG_WARN_ENUM_CONVERSION = YES;
				CLANG_WARN_INFINITE_RECURSION = YES;
				CLANG_WARN_INT_CONVERSION = YES;
				CLANG_WARN_NON_LITERAL_NULL_CONVERSION = YES;
				CLANG_WARN_OBJC_IMPLICIT_RETAIN_SELF = YES;
				CLANG_WARN_OBJC_LITERAL_CONVERSION = YES;
				CLANG_WARN_OBJC_ROOT_CLASS = YES_ERROR;
				CLANG_WARN_QUOTED_INCLUDE_IN_FRAMEWORK_HEADER = YES;
				CLANG_WARN_RANGE_LOOP_ANALYSIS = YES;
				CLANG_WARN_STRICT_PROTOTYPES = YES;
				CLANG_WARN_SUSPICIOUS_MOVE = YES;
				CLANG_WARN_UNGUARDED_AVAILABILITY = YES_AGGRESSIVE;
				CLANG_WARN_UNREACHABLE_CODE = YES;
				CLANG_WARN__DUPLICATE_METHOD_MATCH = YES;
				COPY_PHASE_STRIP = NO;
				DEBUG_INFORMATION_FORMAT = dwarf;
				ENABLE_STRICT_OBJC_MSGSEND = YES;
				ENABLE_TESTABILITY = YES;
				ENABLE_USER_SCRIPT_SANDBOXING = YES;
				GCC_C_LANGUAGE_STANDARD = gnu17;
				GCC_DYNAMIC_NO_PIC = NO;
				GCC_NO_COMMON_BLOCKS = YES;
				GCC_OPTIMIZATION_LEVEL = 0;
				GCC_PREPROCESSOR_DEFINITIONS = (
					"DEBUG=1",
					"$(inherited)",
				);
				GCC_WARN_64_TO_32_BIT_CONVERSION = YES;
				GCC_WARN_ABOUT_RETURN_TYPE = YES_ERROR;
				GCC_WARN_UNDECLARED_SELECTOR = YES;
				GCC_WARN_UNINITIALIZED_AUTOS = YES_AGGRESSIVE;
				GCC_WARN_UNUSED_FUNCTION = YES;
				GCC_WARN_UNUSED_VARIABLE = YES;
				IPHONEOS_DEPLOYMENT_TARGET = 18.1;
				LOCALIZATION_PREFERS_STRING_CATALOGS = YES;
				MTL_ENABLE_DEBUG_INFO = INCLUDE_SOURCE;
				MTL_FAST_MATH = YES;
				ONLY_ACTIVE_ARCH = YES;
				SDKROOT = iphoneos;
				SWIFT_ACTIVE_COMPILATION_CONDITIONS = "DEBUG $(inherited)";
				SWIFT_OPTIMIZATION_LEVEL = "-Onone";
			};
			name = Debug;
		};
		4CB1929B2CD961EC00ED1613 /* Release */ = {
			isa = XCBuildConfiguration;
			buildSettings = {
				ALWAYS_SEARCH_USER_PATHS = NO;
				ASSETCATALOG_COMPILER_GENERATE_SWIFT_ASSET_SYMBOL_EXTENSIONS = YES;
				CLANG_ANALYZER_NONNULL = YES;
				CLANG_ANALYZER_NUMBER_OBJECT_CONVERSION = YES_AGGRESSIVE;
				CLANG_CXX_LANGUAGE_STANDARD = "gnu++20";
				CLANG_ENABLE_MODULES = YES;
				CLANG_ENABLE_OBJC_ARC = YES;
				CLANG_ENABLE_OBJC_WEAK = YES;
				CLANG_WARN_BLOCK_CAPTURE_AUTORELEASING = YES;
				CLANG_WARN_BOOL_CONVERSION = YES;
				CLANG_WARN_COMMA = YES;
				CLANG_WARN_CONSTANT_CONVERSION = YES;
				CLANG_WARN_DEPRECATED_OBJC_IMPLEMENTATIONS = YES;
				CLANG_WARN_DIRECT_OBJC_ISA_USAGE = YES_ERROR;
				CLANG_WARN_DOCUMENTATION_COMMENTS = YES;
				CLANG_WARN_EMPTY_BODY = YES;
				CLANG_WARN_ENUM_CONVERSION = YES;
				CLANG_WARN_INFINITE_RECURSION = YES;
				CLANG_WARN_INT_CONVERSION = YES;
				CLANG_WARN_NON_LITERAL_NULL_CONVERSION = YES;
				CLANG_WARN_OBJC_IMPLICIT_RETAIN_SELF = YES;
				CLANG_WARN_OBJC_LITERAL_CONVERSION = YES;
				CLANG_WARN_OBJC_ROOT_CLASS = YES_ERROR;
				CLANG_WARN_QUOTED_INCLUDE_IN_FRAMEWORK_HEADER = YES;
				CLANG_WARN_RANGE_LOOP_ANALYSIS = YES;
				CLANG_WARN_STRICT_PROTOTYPES = YES;
				CLANG_WARN_SUSPICIOUS_MOVE = YES;
				CLANG_WARN_UNGUARDED_AVAILABILITY = YES_AGGRESSIVE;
				CLANG_WARN_UNREACHABLE_CODE = YES;
				CLANG_WARN__DUPLICATE_METHOD_MATCH = YES;
				COPY_PHASE_STRIP = NO;
				DEBUG_INFORMATION_FORMAT = "dwarf-with-dsym";
				ENABLE_NS_ASSERTIONS = NO;
				ENABLE_STRICT_OBJC_MSGSEND = YES;
				ENABLE_USER_SCRIPT_SANDBOXING = YES;
				GCC_C_LANGUAGE_STANDARD = gnu17;
				GCC_NO_COMMON_BLOCKS = YES;
				GCC_WARN_64_TO_32_BIT_CONVERSION = YES;
				GCC_WARN_ABOUT_RETURN_TYPE = YES_ERROR;
				GCC_WARN_UNDECLARED_SELECTOR = YES;
				GCC_WARN_UNINITIALIZED_AUTOS = YES_AGGRESSIVE;
				GCC_WARN_UNUSED_FUNCTION = YES;
				GCC_WARN_UNUSED_VARIABLE = YES;
				IPHONEOS_DEPLOYMENT_TARGET = 18.1;
				LOCALIZATION_PREFERS_STRING_CATALOGS = YES;
				MTL_ENABLE_DEBUG_INFO = NO;
				MTL_FAST_MATH = YES;
				SDKROOT = iphoneos;
				SWIFT_COMPILATION_MODE = wholemodule;
				VALIDATE_PRODUCT = YES;
			};
			name = Release;
		};
		4CB1929D2CD961EC00ED1613 /* Debug */ = {
			isa = XCBuildConfiguration;
			buildSettings = {
				ASSETCATALOG_COMPILER_APPICON_NAME = AppIcon;
				ASSETCATALOG_COMPILER_GLOBAL_ACCENT_COLOR_NAME = AccentColor;
				CODE_SIGN_STYLE = Automatic;
				CURRENT_PROJECT_VERSION = 1;
				DEVELOPMENT_ASSET_PATHS = "\"USAPopulation/Preview Content\"";
				DEVELOPMENT_TEAM = 2G269W7Y5N;
				ENABLE_PREVIEWS = YES;
				GENERATE_INFOPLIST_FILE = YES;
				INFOPLIST_KEY_UIApplicationSceneManifest_Generation = YES;
				INFOPLIST_KEY_UIApplicationSupportsIndirectInputEvents = YES;
				INFOPLIST_KEY_UILaunchScreen_Generation = YES;
				INFOPLIST_KEY_UISupportedInterfaceOrientations_iPad = "UIInterfaceOrientationPortrait UIInterfaceOrientationPortraitUpsideDown UIInterfaceOrientationLandscapeLeft UIInterfaceOrientationLandscapeRight";
				INFOPLIST_KEY_UISupportedInterfaceOrientations_iPhone = "UIInterfaceOrientationPortrait UIInterfaceOrientationLandscapeLeft UIInterfaceOrientationLandscapeRight";
				LD_RUNPATH_SEARCH_PATHS = (
					"$(inherited)",
					"@executable_path/Frameworks",
				);
				MARKETING_VERSION = 1.0;
				PRODUCT_BUNDLE_IDENTIFIER = com.snowtech.USAPopulation;
				PRODUCT_NAME = "$(TARGET_NAME)";
				SWIFT_EMIT_LOC_STRINGS = YES;
				SWIFT_VERSION = 5.0;
				TARGETED_DEVICE_FAMILY = "1,2";
			};
			name = Debug;
		};
		4CB1929E2CD961EC00ED1613 /* Release */ = {
			isa = XCBuildConfiguration;
			buildSettings = {
				ASSETCATALOG_COMPILER_APPICON_NAME = AppIcon;
				ASSETCATALOG_COMPILER_GLOBAL_ACCENT_COLOR_NAME = AccentColor;
				CODE_SIGN_STYLE = Automatic;
				CURRENT_PROJECT_VERSION = 1;
				DEVELOPMENT_ASSET_PATHS = "\"USAPopulation/Preview Content\"";
				DEVELOPMENT_TEAM = 2G269W7Y5N;
				ENABLE_PREVIEWS = YES;
				GENERATE_INFOPLIST_FILE = YES;
				INFOPLIST_KEY_UIApplicationSceneManifest_Generation = YES;
				INFOPLIST_KEY_UIApplicationSupportsIndirectInputEvents = YES;
				INFOPLIST_KEY_UILaunchScreen_Generation = YES;
				INFOPLIST_KEY_UISupportedInterfaceOrientations_iPad = "UIInterfaceOrientationPortrait UIInterfaceOrientationPortraitUpsideDown UIInterfaceOrientationLandscapeLeft UIInterfaceOrientationLandscapeRight";
				INFOPLIST_KEY_UISupportedInterfaceOrientations_iPhone = "UIInterfaceOrientationPortrait UIInterfaceOrientationLandscapeLeft UIInterfaceOrientationLandscapeRight";
				LD_RUNPATH_SEARCH_PATHS = (
					"$(inherited)",
					"@executable_path/Frameworks",
				);
				MARKETING_VERSION = 1.0;
				PRODUCT_BUNDLE_IDENTIFIER = com.snowtech.USAPopulation;
				PRODUCT_NAME = "$(TARGET_NAME)";
				SWIFT_EMIT_LOC_STRINGS = YES;
				SWIFT_VERSION = 5.0;
				TARGETED_DEVICE_FAMILY = "1,2";
			};
			name = Release;
		};
		4CB192A02CD961EC00ED1613 /* Debug */ = {
			isa = XCBuildConfiguration;
			buildSettings = {
				BUNDLE_LOADER = "$(TEST_HOST)";
				CODE_SIGN_STYLE = Automatic;
				CURRENT_PROJECT_VERSION = 1;
				DEVELOPMENT_TEAM = 2G269W7Y5N;
				GENERATE_INFOPLIST_FILE = YES;
				IPHONEOS_DEPLOYMENT_TARGET = 18.1;
				MARKETING_VERSION = 1.0;
				PRODUCT_BUNDLE_IDENTIFIER = com.snowtech.USAPopulationTests;
				PRODUCT_NAME = "$(TARGET_NAME)";
				SWIFT_EMIT_LOC_STRINGS = NO;
				SWIFT_VERSION = 5.0;
				TARGETED_DEVICE_FAMILY = "1,2";
				TEST_HOST = "$(BUILT_PRODUCTS_DIR)/USAPopulation.app/$(BUNDLE_EXECUTABLE_FOLDER_PATH)/USAPopulation";
			};
			name = Debug;
		};
		4CB192A12CD961EC00ED1613 /* Release */ = {
			isa = XCBuildConfiguration;
			buildSettings = {
				BUNDLE_LOADER = "$(TEST_HOST)";
				CODE_SIGN_STYLE = Automatic;
				CURRENT_PROJECT_VERSION = 1;
				DEVELOPMENT_TEAM = 2G269W7Y5N;
				GENERATE_INFOPLIST_FILE = YES;
				IPHONEOS_DEPLOYMENT_TARGET = 18.1;
				MARKETING_VERSION = 1.0;
				PRODUCT_BUNDLE_IDENTIFIER = com.snowtech.USAPopulationTests;
				PRODUCT_NAME = "$(TARGET_NAME)";
				SWIFT_EMIT_LOC_STRINGS = NO;
				SWIFT_VERSION = 5.0;
				TARGETED_DEVICE_FAMILY = "1,2";
				TEST_HOST = "$(BUILT_PRODUCTS_DIR)/USAPopulation.app/$(BUNDLE_EXECUTABLE_FOLDER_PATH)/USAPopulation";
			};
			name = Release;
		};
		4CB192A32CD961EC00ED1613 /* Debug */ = {
			isa = XCBuildConfiguration;
			buildSettings = {
				CODE_SIGN_STYLE = Automatic;
				CURRENT_PROJECT_VERSION = 1;
				DEVELOPMENT_TEAM = 2G269W7Y5N;
				GENERATE_INFOPLIST_FILE = YES;
				MARKETING_VERSION = 1.0;
				PRODUCT_BUNDLE_IDENTIFIER = com.snowtech.USAPopulationUITests;
				PRODUCT_NAME = "$(TARGET_NAME)";
				SWIFT_EMIT_LOC_STRINGS = NO;
				SWIFT_VERSION = 5.0;
				TARGETED_DEVICE_FAMILY = "1,2";
				TEST_TARGET_NAME = USAPopulation;
			};
			name = Debug;
		};
		4CB192A42CD961EC00ED1613 /* Release */ = {
			isa = XCBuildConfiguration;
			buildSettings = {
				CODE_SIGN_STYLE = Automatic;
				CURRENT_PROJECT_VERSION = 1;
				DEVELOPMENT_TEAM = 2G269W7Y5N;
				GENERATE_INFOPLIST_FILE = YES;
				MARKETING_VERSION = 1.0;
				PRODUCT_BUNDLE_IDENTIFIER = com.snowtech.USAPopulationUITests;
				PRODUCT_NAME = "$(TARGET_NAME)";
				SWIFT_EMIT_LOC_STRINGS = NO;
				SWIFT_VERSION = 5.0;
				TARGETED_DEVICE_FAMILY = "1,2";
				TEST_TARGET_NAME = USAPopulation;
			};
			name = Release;
		};
/* End XCBuildConfiguration section */

/* Begin XCConfigurationList section */
		4CB192732CD961EA00ED1613 /* Build configuration list for PBXProject "USAPopulation" */ = {
			isa = XCConfigurationList;
			buildConfigurations = (
				4CB1929A2CD961EC00ED1613 /* Debug */,
				4CB1929B2CD961EC00ED1613 /* Release */,
			);
			defaultConfigurationIsVisible = 0;
			defaultConfigurationName = Release;
		};
		4CB1929C2CD961EC00ED1613 /* Build configuration list for PBXNativeTarget "USAPopulation" */ = {
			isa = XCConfigurationList;
			buildConfigurations = (
				4CB1929D2CD961EC00ED1613 /* Debug */,
				4CB1929E2CD961EC00ED1613 /* Release */,
			);
			defaultConfigurationIsVisible = 0;
			defaultConfigurationName = Release;
		};
		4CB1929F2CD961EC00ED1613 /* Build configuration list for PBXNativeTarget "USAPopulationTests" */ = {
			isa = XCConfigurationList;
			buildConfigurations = (
				4CB192A02CD961EC00ED1613 /* Debug */,
				4CB192A12CD961EC00ED1613 /* Release */,
			);
			defaultConfigurationIsVisible = 0;
			defaultConfigurationName = Release;
		};
		4CB192A22CD961EC00ED1613 /* Build configuration list for PBXNativeTarget "USAPopulationUITests" */ = {
			isa = XCConfigurationList;
			buildConfigurations = (
				4CB192A32CD961EC00ED1613 /* Debug */,
				4CB192A42CD961EC00ED1613 /* Release */,
			);
			defaultConfigurationIsVisible = 0;
			defaultConfigurationName = Release;
		};
/* End XCConfigurationList section */
	};
	rootObject = 4CB192702CD961EA00ED1613 /* Project object */;
}
